// !$*UTF8*$!
{
	archiveVersion = 1;
	classes = {
	};
	objectVersion = 56;
	objects = {

/* Begin PBXBuildFile section */
		BF0456CF2B3546100098DE62 /* NotesApp.swift in Sources */ = {isa = PBXBuildFile; fileRef = BF0456CE2B3546100098DE62 /* NotesApp.swift */; };
		BF0456D12B3546100098DE62 /* ContentView.swift in Sources */ = {isa = PBXBuildFile; fileRef = BF0456D02B3546100098DE62 /* ContentView.swift */; };
		BF0456D32B3546120098DE62 /* Assets.xcassets in Resources */ = {isa = PBXBuildFile; fileRef = BF0456D22B3546120098DE62 /* Assets.xcassets */; };
		BF0456D62B3546120098DE62 /* Preview Assets.xcassets in Resources */ = {isa = PBXBuildFile; fileRef = BF0456D52B3546120098DE62 /* Preview Assets.xcassets */; };
		BF0456DE2B35480A0098DE62 /* Note.swift in Sources */ = {isa = PBXBuildFile; fileRef = BF0456DD2B35480A0098DE62 /* Note.swift */; };
		BF0456E12B3549B60098DE62 /* NotesViewModel.swift in Sources */ = {isa = PBXBuildFile; fileRef = BF0456E02B3549B60098DE62 /* NotesViewModel.swift */; };
		BF0456E42B3550810098DE62 /* NotesListView.swift in Sources */ = {isa = PBXBuildFile; fileRef = BF0456E32B3550810098DE62 /* NotesListView.swift */; };
		BF0456E62B35F5750098DE62 /* NoteDetailsView.swift in Sources */ = {isa = PBXBuildFile; fileRef = BF0456E52B35F5750098DE62 /* NoteDetailsView.swift */; };
		BF0456E82B360BDC0098DE62 /* Utils.swift in Sources */ = {isa = PBXBuildFile; fileRef = BF0456E72B360BDC0098DE62 /* Utils.swift */; };
		BF0456EA2B3616920098DE62 /* NotesView.swift in Sources */ = {isa = PBXBuildFile; fileRef = BF0456E92B3616920098DE62 /* NotesView.swift */; };
		BF0456EC2B36422D0098DE62 /* NoteRow.swift in Sources */ = {isa = PBXBuildFile; fileRef = BF0456EB2B36422D0098DE62 /* NoteRow.swift */; };
		BF0456F42B366E920098DE62 /* NoteTests.swift in Sources */ = {isa = PBXBuildFile; fileRef = BF0456F32B366E920098DE62 /* NoteTests.swift */; };
		BF0456FB2B3676D10098DE62 /* NotesViewModelTests.swift in Sources */ = {isa = PBXBuildFile; fileRef = BF0456FA2B3676D10098DE62 /* NotesViewModelTests.swift */; };
		BF0456FE2B3754EF0098DE62 /* NotesDatabase.swift in Sources */ = {isa = PBXBuildFile; fileRef = BF0456FD2B3754EF0098DE62 /* NotesDatabase.swift */; };
		BF0457002B3761700098DE62 /* CreateNoteUseCase.swift in Sources */ = {isa = PBXBuildFile; fileRef = BF0456FF2B3761700098DE62 /* CreateNoteUseCase.swift */; };
		BF0457022B3762600098DE62 /* FetchAllNotesUseCase.swift in Sources */ = {isa = PBXBuildFile; fileRef = BF0457012B3762600098DE62 /* FetchAllNotesUseCase.swift */; };
		BF0457042B3766940098DE62 /* NotesViewModelIntegrationTests.swift in Sources */ = {isa = PBXBuildFile; fileRef = BF0457032B3766940098DE62 /* NotesViewModelIntegrationTests.swift */; };
		BF0457062B38BC390098DE62 /* ServiceContainer.swift in Sources */ = {isa = PBXBuildFile; fileRef = BF0457052B38BC390098DE62 /* ServiceContainer.swift */; };
		BF0457092B38CDDD0098DE62 /* ServicePropertyWrapper.swift in Sources */ = {isa = PBXBuildFile; fileRef = BF0457082B38CDDD0098DE62 /* ServicePropertyWrapper.swift */; };
		BF04570B2B3A276B0098DE62 /* AppLauncher.swift in Sources */ = {isa = PBXBuildFile; fileRef = BF04570A2B3A276B0098DE62 /* AppLauncher.swift */; };
		BF04570E2B3F3C750098DE62 /* SFSymbolsPicker in Frameworks */ = {isa = PBXBuildFile; productRef = BF04570D2B3F3C750098DE62 /* SFSymbolsPicker */; };
		BF0457102B3FD36B0098DE62 /* UpdateNoteUseCase.swift in Sources */ = {isa = PBXBuildFile; fileRef = BF04570F2B3FD36B0098DE62 /* UpdateNoteUseCase.swift */; };
		BF0457122B3FDF0B0098DE62 /* RemoveNoteUseCase.swift in Sources */ = {isa = PBXBuildFile; fileRef = BF0457112B3FDF0B0098DE62 /* RemoveNoteUseCase.swift */; };
		BFCD23322B40BF2A00D4E03C /* HapticsViewModel.swift in Sources */ = {isa = PBXBuildFile; fileRef = BFCD23312B40BF2A00D4E03C /* HapticsViewModel.swift */; };
/* End PBXBuildFile section */

/* Begin PBXContainerItemProxy section */
		BF0456F52B366E920098DE62 /* PBXContainerItemProxy */ = {
			isa = PBXContainerItemProxy;
			containerPortal = BF0456C32B3546100098DE62 /* Project object */;
			proxyType = 1;
			remoteGlobalIDString = BF0456CA2B3546100098DE62;
			remoteInfo = Notes;
		};
/* End PBXContainerItemProxy section */

/* Begin PBXFileReference section */
		BF0456CB2B3546100098DE62 /* Notes.app */ = {isa = PBXFileReference; explicitFileType = wrapper.application; includeInIndex = 0; path = Notes.app; sourceTree = BUILT_PRODUCTS_DIR; };
		BF0456CE2B3546100098DE62 /* NotesApp.swift */ = {isa = PBXFileReference; lastKnownFileType = sourcecode.swift; path = NotesApp.swift; sourceTree = "<group>"; };
		BF0456D02B3546100098DE62 /* ContentView.swift */ = {isa = PBXFileReference; lastKnownFileType = sourcecode.swift; path = ContentView.swift; sourceTree = "<group>"; };
		BF0456D22B3546120098DE62 /* Assets.xcassets */ = {isa = PBXFileReference; lastKnownFileType = folder.assetcatalog; path = Assets.xcassets; sourceTree = "<group>"; };
		BF0456D52B3546120098DE62 /* Preview Assets.xcassets */ = {isa = PBXFileReference; lastKnownFileType = folder.assetcatalog; path = "Preview Assets.xcassets"; sourceTree = "<group>"; };
		BF0456DD2B35480A0098DE62 /* Note.swift */ = {isa = PBXFileReference; lastKnownFileType = sourcecode.swift; path = Note.swift; sourceTree = "<group>"; };
		BF0456E02B3549B60098DE62 /* NotesViewModel.swift */ = {isa = PBXFileReference; lastKnownFileType = sourcecode.swift; path = NotesViewModel.swift; sourceTree = "<group>"; };
		BF0456E32B3550810098DE62 /* NotesListView.swift */ = {isa = PBXFileReference; lastKnownFileType = sourcecode.swift; path = NotesListView.swift; sourceTree = "<group>"; };
		BF0456E52B35F5750098DE62 /* NoteDetailsView.swift */ = {isa = PBXFileReference; lastKnownFileType = sourcecode.swift; path = NoteDetailsView.swift; sourceTree = "<group>"; };
		BF0456E72B360BDC0098DE62 /* Utils.swift */ = {isa = PBXFileReference; lastKnownFileType = sourcecode.swift; path = Utils.swift; sourceTree = "<group>"; };
		BF0456E92B3616920098DE62 /* NotesView.swift */ = {isa = PBXFileReference; lastKnownFileType = sourcecode.swift; path = NotesView.swift; sourceTree = "<group>"; };
		BF0456EB2B36422D0098DE62 /* NoteRow.swift */ = {isa = PBXFileReference; lastKnownFileType = sourcecode.swift; path = NoteRow.swift; sourceTree = "<group>"; };
		BF0456F12B366E920098DE62 /* NotesTests.xctest */ = {isa = PBXFileReference; explicitFileType = wrapper.cfbundle; includeInIndex = 0; path = NotesTests.xctest; sourceTree = BUILT_PRODUCTS_DIR; };
		BF0456F32B366E920098DE62 /* NoteTests.swift */ = {isa = PBXFileReference; lastKnownFileType = sourcecode.swift; path = NoteTests.swift; sourceTree = "<group>"; };
		BF0456FA2B3676D10098DE62 /* NotesViewModelTests.swift */ = {isa = PBXFileReference; lastKnownFileType = sourcecode.swift; path = NotesViewModelTests.swift; sourceTree = "<group>"; };
		BF0456FC2B367FD20098DE62 /* Notes.xctestplan */ = {isa = PBXFileReference; lastKnownFileType = text; path = Notes.xctestplan; sourceTree = "<group>"; };
		BF0456FD2B3754EF0098DE62 /* NotesDatabase.swift */ = {isa = PBXFileReference; lastKnownFileType = sourcecode.swift; path = NotesDatabase.swift; sourceTree = "<group>"; };
		BF0456FF2B3761700098DE62 /* CreateNoteUseCase.swift */ = {isa = PBXFileReference; lastKnownFileType = sourcecode.swift; path = CreateNoteUseCase.swift; sourceTree = "<group>"; };
		BF0457012B3762600098DE62 /* FetchAllNotesUseCase.swift */ = {isa = PBXFileReference; lastKnownFileType = sourcecode.swift; path = FetchAllNotesUseCase.swift; sourceTree = "<group>"; };
		BF0457032B3766940098DE62 /* NotesViewModelIntegrationTests.swift */ = {isa = PBXFileReference; lastKnownFileType = sourcecode.swift; path = NotesViewModelIntegrationTests.swift; sourceTree = "<group>"; };
		BF0457052B38BC390098DE62 /* ServiceContainer.swift */ = {isa = PBXFileReference; lastKnownFileType = sourcecode.swift; path = ServiceContainer.swift; sourceTree = "<group>"; };
		BF0457082B38CDDD0098DE62 /* ServicePropertyWrapper.swift */ = {isa = PBXFileReference; lastKnownFileType = sourcecode.swift; path = ServicePropertyWrapper.swift; sourceTree = "<group>"; };
		BF04570A2B3A276B0098DE62 /* AppLauncher.swift */ = {isa = PBXFileReference; lastKnownFileType = sourcecode.swift; path = AppLauncher.swift; sourceTree = "<group>"; };
		BF04570F2B3FD36B0098DE62 /* UpdateNoteUseCase.swift */ = {isa = PBXFileReference; lastKnownFileType = sourcecode.swift; path = UpdateNoteUseCase.swift; sourceTree = "<group>"; };
		BF0457112B3FDF0B0098DE62 /* RemoveNoteUseCase.swift */ = {isa = PBXFileReference; lastKnownFileType = sourcecode.swift; path = RemoveNoteUseCase.swift; sourceTree = "<group>"; };
		BFCD23312B40BF2A00D4E03C /* HapticsViewModel.swift */ = {isa = PBXFileReference; lastKnownFileType = sourcecode.swift; path = HapticsViewModel.swift; sourceTree = "<group>"; };
/* End PBXFileReference section */

/* Begin PBXFrameworksBuildPhase section */
		BF0456C82B3546100098DE62 /* Frameworks */ = {
			isa = PBXFrameworksBuildPhase;
			buildActionMask = 2147483647;
			files = (
				BF04570E2B3F3C750098DE62 /* SFSymbolsPicker in Frameworks */,
			);
			runOnlyForDeploymentPostprocessing = 0;
		};
		BF0456EE2B366E920098DE62 /* Frameworks */ = {
			isa = PBXFrameworksBuildPhase;
			buildActionMask = 2147483647;
			files = (
			);
			runOnlyForDeploymentPostprocessing = 0;
		};
/* End PBXFrameworksBuildPhase section */

/* Begin PBXGroup section */
		BF0456C22B3546100098DE62 = {
			isa = PBXGroup;
			children = (
				BF0456FC2B367FD20098DE62 /* Notes.xctestplan */,
				BF0456CD2B3546100098DE62 /* Notes */,
				BF0456F22B366E920098DE62 /* NotesTests */,
				BF0456CC2B3546100098DE62 /* Products */,
			);
			sourceTree = "<group>";
		};
		BF0456CC2B3546100098DE62 /* Products */ = {
			isa = PBXGroup;
			children = (
				BF0456CB2B3546100098DE62 /* Notes.app */,
				BF0456F12B366E920098DE62 /* NotesTests.xctest */,
			);
			name = Products;
			sourceTree = "<group>";
		};
		BF0456CD2B3546100098DE62 /* Notes */ = {
			isa = PBXGroup;
			children = (
				BF0456E22B3550740098DE62 /* View */,
				BF0456DF2B3549AB0098DE62 /* ViewModel */,
				BF0456DC2B3547FA0098DE62 /* Model */,
				BF0456CE2B3546100098DE62 /* NotesApp.swift */,
				BF04570A2B3A276B0098DE62 /* AppLauncher.swift */,
				BF0456D22B3546120098DE62 /* Assets.xcassets */,
				BF0456D42B3546120098DE62 /* Preview Content */,
				BF0456E72B360BDC0098DE62 /* Utils.swift */,
				BF0456FD2B3754EF0098DE62 /* NotesDatabase.swift */,
				BF0457112B3FDF0B0098DE62 /* RemoveNoteUseCase.swift */,
				BF04570F2B3FD36B0098DE62 /* UpdateNoteUseCase.swift */,
				BF0456FF2B3761700098DE62 /* CreateNoteUseCase.swift */,
				BF0457012B3762600098DE62 /* FetchAllNotesUseCase.swift */,
				BF0457072B38CD330098DE62 /* DependencyInjection */,
			);
			path = Notes;
			sourceTree = "<group>";
		};
		BF0456D42B3546120098DE62 /* Preview Content */ = {
			isa = PBXGroup;
			children = (
				BF0456D52B3546120098DE62 /* Preview Assets.xcassets */,
			);
			path = "Preview Content";
			sourceTree = "<group>";
		};
		BF0456DC2B3547FA0098DE62 /* Model */ = {
			isa = PBXGroup;
			children = (
				BF0456DD2B35480A0098DE62 /* Note.swift */,
			);
			path = Model;
			sourceTree = "<group>";
		};
		BF0456DF2B3549AB0098DE62 /* ViewModel */ = {
			isa = PBXGroup;
			children = (
				BF0456E02B3549B60098DE62 /* NotesViewModel.swift */,
				BFCD23312B40BF2A00D4E03C /* HapticsViewModel.swift */,
			);
			path = ViewModel;
			sourceTree = "<group>";
		};
		BF0456E22B3550740098DE62 /* View */ = {
			isa = PBXGroup;
			children = (
				BF0456D02B3546100098DE62 /* ContentView.swift */,
				BF0456E32B3550810098DE62 /* NotesListView.swift */,
				BF0456EB2B36422D0098DE62 /* NoteRow.swift */,
				BF0456E52B35F5750098DE62 /* NoteDetailsView.swift */,
				BF0456E92B3616920098DE62 /* NotesView.swift */,
			);
			path = View;
			sourceTree = "<group>";
		};
		BF0456F22B366E920098DE62 /* NotesTests */ = {
			isa = PBXGroup;
			children = (
				BF0456F32B366E920098DE62 /* NoteTests.swift */,
				BF0456FA2B3676D10098DE62 /* NotesViewModelTests.swift */,
				BF0457032B3766940098DE62 /* NotesViewModelIntegrationTests.swift */,
			);
			path = NotesTests;
			sourceTree = "<group>";
		};
		BF0457072B38CD330098DE62 /* DependencyInjection */ = {
			isa = PBXGroup;
			children = (
				BF0457052B38BC390098DE62 /* ServiceContainer.swift */,
				BF0457082B38CDDD0098DE62 /* ServicePropertyWrapper.swift */,
			);
			path = DependencyInjection;
			sourceTree = "<group>";
		};
/* End PBXGroup section */

/* Begin PBXNativeTarget section */
		BF0456CA2B3546100098DE62 /* Notes */ = {
			isa = PBXNativeTarget;
			buildConfigurationList = BF0456D92B3546120098DE62 /* Build configuration list for PBXNativeTarget "Notes" */;
			buildPhases = (
				BF0456C72B3546100098DE62 /* Sources */,
				BF0456C82B3546100098DE62 /* Frameworks */,
				BF0456C92B3546100098DE62 /* Resources */,
			);
			buildRules = (
			);
			dependencies = (
			);
			name = Notes;
			packageProductDependencies = (
				BF04570D2B3F3C750098DE62 /* SFSymbolsPicker */,
			);
			productName = Notes;
			productReference = BF0456CB2B3546100098DE62 /* Notes.app */;
			productType = "com.apple.product-type.application";
		};
		BF0456F02B366E920098DE62 /* NotesTests */ = {
			isa = PBXNativeTarget;
			buildConfigurationList = BF0456F72B366E920098DE62 /* Build configuration list for PBXNativeTarget "NotesTests" */;
			buildPhases = (
				BF0456ED2B366E920098DE62 /* Sources */,
				BF0456EE2B366E920098DE62 /* Frameworks */,
				BF0456EF2B366E920098DE62 /* Resources */,
			);
			buildRules = (
			);
			dependencies = (
				BF0456F62B366E920098DE62 /* PBXTargetDependency */,
			);
			name = NotesTests;
			productName = NotesTests;
			productReference = BF0456F12B366E920098DE62 /* NotesTests.xctest */;
			productType = "com.apple.product-type.bundle.unit-test";
		};
/* End PBXNativeTarget section */

/* Begin PBXProject section */
		BF0456C32B3546100098DE62 /* Project object */ = {
			isa = PBXProject;
			attributes = {
				BuildIndependentTargetsInParallel = 1;
				LastSwiftUpdateCheck = 1500;
				LastUpgradeCheck = 1500;
				TargetAttributes = {
					BF0456CA2B3546100098DE62 = {
						CreatedOnToolsVersion = 15.0;
					};
					BF0456F02B366E920098DE62 = {
						CreatedOnToolsVersion = 15.0;
						TestTargetID = BF0456CA2B3546100098DE62;
					};
				};
			};
			buildConfigurationList = BF0456C62B3546100098DE62 /* Build configuration list for PBXProject "Notes" */;
			compatibilityVersion = "Xcode 14.0";
			developmentRegion = en;
			hasScannedForEncodings = 0;
			knownRegions = (
				en,
				Base,
			);
			mainGroup = BF0456C22B3546100098DE62;
			packageReferences = (
				BF04570C2B3F3C750098DE62 /* XCRemoteSwiftPackageReference "SFSymbolsPickerForSwiftUI" */,
			);
			productRefGroup = BF0456CC2B3546100098DE62 /* Products */;
			projectDirPath = "";
			projectRoot = "";
			targets = (
				BF0456CA2B3546100098DE62 /* Notes */,
				BF0456F02B366E920098DE62 /* NotesTests */,
			);
		};
/* End PBXProject section */

/* Begin PBXResourcesBuildPhase section */
		BF0456C92B3546100098DE62 /* Resources */ = {
			isa = PBXResourcesBuildPhase;
			buildActionMask = 2147483647;
			files = (
				BF0456D62B3546120098DE62 /* Preview Assets.xcassets in Resources */,
				BF0456D32B3546120098DE62 /* Assets.xcassets in Resources */,
			);
			runOnlyForDeploymentPostprocessing = 0;
		};
		BF0456EF2B366E920098DE62 /* Resources */ = {
			isa = PBXResourcesBuildPhase;
			buildActionMask = 2147483647;
			files = (
			);
			runOnlyForDeploymentPostprocessing = 0;
		};
/* End PBXResourcesBuildPhase section */

/* Begin PBXSourcesBuildPhase section */
		BF0456C72B3546100098DE62 /* Sources */ = {
			isa = PBXSourcesBuildPhase;
			buildActionMask = 2147483647;
			files = (
				BF0456E42B3550810098DE62 /* NotesListView.swift in Sources */,
				BF0456E12B3549B60098DE62 /* NotesViewModel.swift in Sources */,
				BF0456FE2B3754EF0098DE62 /* NotesDatabase.swift in Sources */,
				BF0457062B38BC390098DE62 /* ServiceContainer.swift in Sources */,
				BF0457102B3FD36B0098DE62 /* UpdateNoteUseCase.swift in Sources */,
				BF0456E62B35F5750098DE62 /* NoteDetailsView.swift in Sources */,
				BF0456E82B360BDC0098DE62 /* Utils.swift in Sources */,
				BF0456D12B3546100098DE62 /* ContentView.swift in Sources */,
				BF0457022B3762600098DE62 /* FetchAllNotesUseCase.swift in Sources */,
				BF04570B2B3A276B0098DE62 /* AppLauncher.swift in Sources */,
				BF0457122B3FDF0B0098DE62 /* RemoveNoteUseCase.swift in Sources */,
				BFCD23322B40BF2A00D4E03C /* HapticsViewModel.swift in Sources */,
				BF0457092B38CDDD0098DE62 /* ServicePropertyWrapper.swift in Sources */,
				BF0456CF2B3546100098DE62 /* NotesApp.swift in Sources */,
				BF0456EC2B36422D0098DE62 /* NoteRow.swift in Sources */,
				BF0457002B3761700098DE62 /* CreateNoteUseCase.swift in Sources */,
				BF0456EA2B3616920098DE62 /* NotesView.swift in Sources */,
				BF0456DE2B35480A0098DE62 /* Note.swift in Sources */,
			);
			runOnlyForDeploymentPostprocessing = 0;
		};
		BF0456ED2B366E920098DE62 /* Sources */ = {
			isa = PBXSourcesBuildPhase;
			buildActionMask = 2147483647;
			files = (
				BF0456FB2B3676D10098DE62 /* NotesViewModelTests.swift in Sources */,
				BF0457042B3766940098DE62 /* NotesViewModelIntegrationTests.swift in Sources */,
				BF0456F42B366E920098DE62 /* NoteTests.swift in Sources */,
			);
			runOnlyForDeploymentPostprocessing = 0;
		};
/* End PBXSourcesBuildPhase section */

/* Begin PBXTargetDependency section */
		BF0456F62B366E920098DE62 /* PBXTargetDependency */ = {
			isa = PBXTargetDependency;
			target = BF0456CA2B3546100098DE62 /* Notes */;
			targetProxy = BF0456F52B366E920098DE62 /* PBXContainerItemProxy */;
		};
/* End PBXTargetDependency section */

/* Begin XCBuildConfiguration section */
		BF0456D72B3546120098DE62 /* Debug */ = {
			isa = XCBuildConfiguration;
			buildSettings = {
				ALWAYS_SEARCH_USER_PATHS = NO;
				ASSETCATALOG_COMPILER_GENERATE_SWIFT_ASSET_SYMBOL_EXTENSIONS = YES;
				CLANG_ANALYZER_NONNULL = YES;
				CLANG_ANALYZER_NUMBER_OBJECT_CONVERSION = YES_AGGRESSIVE;
				CLANG_CXX_LANGUAGE_STANDARD = "gnu++20";
				CLANG_ENABLE_MODULES = YES;
				CLANG_ENABLE_OBJC_ARC = YES;
				CLANG_ENABLE_OBJC_WEAK = YES;
				CLANG_WARN_BLOCK_CAPTURE_AUTORELEASING = YES;
				CLANG_WARN_BOOL_CONVERSION = YES;
				CLANG_WARN_COMMA = YES;
				CLANG_WARN_CONSTANT_CONVERSION = YES;
				CLANG_WARN_DEPRECATED_OBJC_IMPLEMENTATIONS = YES;
				CLANG_WARN_DIRECT_OBJC_ISA_USAGE = YES_ERROR;
				CLANG_WARN_DOCUMENTATION_COMMENTS = YES;
				CLANG_WARN_EMPTY_BODY = YES;
				CLANG_WARN_ENUM_CONVERSION = YES;
				CLANG_WARN_INFINITE_RECURSION = YES;
				CLANG_WARN_INT_CONVERSION = YES;
				CLANG_WARN_NON_LITERAL_NULL_CONVERSION = YES;
				CLANG_WARN_OBJC_IMPLICIT_RETAIN_SELF = YES;
				CLANG_WARN_OBJC_LITERAL_CONVERSION = YES;
				CLANG_WARN_OBJC_ROOT_CLASS = YES_ERROR;
				CLANG_WARN_QUOTED_INCLUDE_IN_FRAMEWORK_HEADER = YES;
				CLANG_WARN_RANGE_LOOP_ANALYSIS = YES;
				CLANG_WARN_STRICT_PROTOTYPES = YES;
				CLANG_WARN_SUSPICIOUS_MOVE = YES;
				CLANG_WARN_UNGUARDED_AVAILABILITY = YES_AGGRESSIVE;
				CLANG_WARN_UNREACHABLE_CODE = YES;
				CLANG_WARN__DUPLICATE_METHOD_MATCH = YES;
				COPY_PHASE_STRIP = NO;
				DEBUG_INFORMATION_FORMAT = dwarf;
				ENABLE_STRICT_OBJC_MSGSEND = YES;
				ENABLE_TESTABILITY = YES;
				ENABLE_USER_SCRIPT_SANDBOXING = YES;
				GCC_C_LANGUAGE_STANDARD = gnu17;
				GCC_DYNAMIC_NO_PIC = NO;
				GCC_NO_COMMON_BLOCKS = YES;
				GCC_OPTIMIZATION_LEVEL = 0;
				GCC_PREPROCESSOR_DEFINITIONS = (
					"DEBUG=1",
					"$(inherited)",
				);
				GCC_WARN_64_TO_32_BIT_CONVERSION = YES;
				GCC_WARN_ABOUT_RETURN_TYPE = YES_ERROR;
				GCC_WARN_UNDECLARED_SELECTOR = YES;
				GCC_WARN_UNINITIALIZED_AUTOS = YES_AGGRESSIVE;
				GCC_WARN_UNUSED_FUNCTION = YES;
				GCC_WARN_UNUSED_VARIABLE = YES;
				IPHONEOS_DEPLOYMENT_TARGET = 17.0;
				LOCALIZATION_PREFERS_STRING_CATALOGS = YES;
				MTL_ENABLE_DEBUG_INFO = INCLUDE_SOURCE;
				MTL_FAST_MATH = YES;
				ONLY_ACTIVE_ARCH = YES;
				SDKROOT = iphoneos;
				SWIFT_ACTIVE_COMPILATION_CONDITIONS = "DEBUG $(inherited)";
				SWIFT_OPTIMIZATION_LEVEL = "-Onone";
			};
			name = Debug;
		};
		BF0456D82B3546120098DE62 /* Release */ = {
			isa = XCBuildConfiguration;
			buildSettings = {
				ALWAYS_SEARCH_USER_PATHS = NO;
				ASSETCATALOG_COMPILER_GENERATE_SWIFT_ASSET_SYMBOL_EXTENSIONS = YES;
				CLANG_ANALYZER_NONNULL = YES;
				CLANG_ANALYZER_NUMBER_OBJECT_CONVERSION = YES_AGGRESSIVE;
				CLANG_CXX_LANGUAGE_STANDARD = "gnu++20";
				CLANG_ENABLE_MODULES = YES;
				CLANG_ENABLE_OBJC_ARC = YES;
				CLANG_ENABLE_OBJC_WEAK = YES;
				CLANG_WARN_BLOCK_CAPTURE_AUTORELEASING = YES;
				CLANG_WARN_BOOL_CONVERSION = YES;
				CLANG_WARN_COMMA = YES;
				CLANG_WARN_CONSTANT_CONVERSION = YES;
				CLANG_WARN_DEPRECATED_OBJC_IMPLEMENTATIONS = YES;
				CLANG_WARN_DIRECT_OBJC_ISA_USAGE = YES_ERROR;
				CLANG_WARN_DOCUMENTATION_COMMENTS = YES;
				CLANG_WARN_EMPTY_BODY = YES;
				CLANG_WARN_ENUM_CONVERSION = YES;
				CLANG_WARN_INFINITE_RECURSION = YES;
				CLANG_WARN_INT_CONVERSION = YES;
				CLANG_WARN_NON_LITERAL_NULL_CONVERSION = YES;
				CLANG_WARN_OBJC_IMPLICIT_RETAIN_SELF = YES;
				CLANG_WARN_OBJC_LITERAL_CONVERSION = YES;
				CLANG_WARN_OBJC_ROOT_CLASS = YES_ERROR;
				CLANG_WARN_QUOTED_INCLUDE_IN_FRAMEWORK_HEADER = YES;
				CLANG_WARN_RANGE_LOOP_ANALYSIS = YES;
				CLANG_WARN_STRICT_PROTOTYPES = YES;
				CLANG_WARN_SUSPICIOUS_MOVE = YES;
				CLANG_WARN_UNGUARDED_AVAILABILITY = YES_AGGRESSIVE;
				CLANG_WARN_UNREACHABLE_CODE = YES;
				CLANG_WARN__DUPLICATE_METHOD_MATCH = YES;
				COPY_PHASE_STRIP = NO;
				DEBUG_INFORMATION_FORMAT = "dwarf-with-dsym";
				ENABLE_NS_ASSERTIONS = NO;
				ENABLE_STRICT_OBJC_MSGSEND = YES;
				ENABLE_USER_SCRIPT_SANDBOXING = YES;
				GCC_C_LANGUAGE_STANDARD = gnu17;
				GCC_NO_COMMON_BLOCKS = YES;
				GCC_WARN_64_TO_32_BIT_CONVERSION = YES;
				GCC_WARN_ABOUT_RETURN_TYPE = YES_ERROR;
				GCC_WARN_UNDECLARED_SELECTOR = YES;
				GCC_WARN_UNINITIALIZED_AUTOS = YES_AGGRESSIVE;
				GCC_WARN_UNUSED_FUNCTION = YES;
				GCC_WARN_UNUSED_VARIABLE = YES;
				IPHONEOS_DEPLOYMENT_TARGET = 17.0;
				LOCALIZATION_PREFERS_STRING_CATALOGS = YES;
				MTL_ENABLE_DEBUG_INFO = NO;
				MTL_FAST_MATH = YES;
				SDKROOT = iphoneos;
				SWIFT_COMPILATION_MODE = wholemodule;
				VALIDATE_PRODUCT = YES;
			};
			name = Release;
		};
		BF0456DA2B3546120098DE62 /* Debug */ = {
			isa = XCBuildConfiguration;
			buildSettings = {
				ASSETCATALOG_COMPILER_APPICON_NAME = AppIcon;
				ASSETCATALOG_COMPILER_GLOBAL_ACCENT_COLOR_NAME = AccentColor;
				CODE_SIGN_STYLE = Automatic;
				CURRENT_PROJECT_VERSION = 1;
				DEVELOPMENT_ASSET_PATHS = "\"Notes/Preview Content\"";
				DEVELOPMENT_TEAM = N346D2C4J7;
				ENABLE_PREVIEWS = YES;
				GENERATE_INFOPLIST_FILE = YES;
				INFOPLIST_KEY_UIApplicationSceneManifest_Generation = YES;
				INFOPLIST_KEY_UIApplicationSupportsIndirectInputEvents = YES;
				INFOPLIST_KEY_UILaunchScreen_Generation = YES;
				INFOPLIST_KEY_UISupportedInterfaceOrientations_iPad = "UIInterfaceOrientationPortrait UIInterfaceOrientationPortraitUpsideDown UIInterfaceOrientationLandscapeLeft UIInterfaceOrientationLandscapeRight";
				INFOPLIST_KEY_UISupportedInterfaceOrientations_iPhone = "UIInterfaceOrientationPortrait UIInterfaceOrientationLandscapeLeft UIInterfaceOrientationLandscapeRight";
				LD_RUNPATH_SEARCH_PATHS = (
					"$(inherited)",
					"@executable_path/Frameworks",
				);
				MARKETING_VERSION = 1.0;
				PRODUCT_BUNDLE_IDENTIFIER = dev.pastelcode.Notes;
				PRODUCT_NAME = "$(TARGET_NAME)";
				SWIFT_EMIT_LOC_STRINGS = YES;
				SWIFT_VERSION = 5.0;
				TARGETED_DEVICE_FAMILY = "1,2";
			};
			name = Debug;
		};
		BF0456DB2B3546120098DE62 /* Release */ = {
			isa = XCBuildConfiguration;
			buildSettings = {
				ASSETCATALOG_COMPILER_APPICON_NAME = AppIcon;
				ASSETCATALOG_COMPILER_GLOBAL_ACCENT_COLOR_NAME = AccentColor;
				CODE_SIGN_STYLE = Automatic;
				CURRENT_PROJECT_VERSION = 1;
				DEVELOPMENT_ASSET_PATHS = "\"Notes/Preview Content\"";
				DEVELOPMENT_TEAM = N346D2C4J7;
				ENABLE_PREVIEWS = YES;
				GENERATE_INFOPLIST_FILE = YES;
				INFOPLIST_KEY_UIApplicationSceneManifest_Generation = YES;
				INFOPLIST_KEY_UIApplicationSupportsIndirectInputEvents = YES;
				INFOPLIST_KEY_UILaunchScreen_Generation = YES;
				INFOPLIST_KEY_UISupportedInterfaceOrientations_iPad = "UIInterfaceOrientationPortrait UIInterfaceOrientationPortraitUpsideDown UIInterfaceOrientationLandscapeLeft UIInterfaceOrientationLandscapeRight";
				INFOPLIST_KEY_UISupportedInterfaceOrientations_iPhone = "UIInterfaceOrientationPortrait UIInterfaceOrientationLandscapeLeft UIInterfaceOrientationLandscapeRight";
				LD_RUNPATH_SEARCH_PATHS = (
					"$(inherited)",
					"@executable_path/Frameworks",
				);
				MARKETING_VERSION = 1.0;
				PRODUCT_BUNDLE_IDENTIFIER = dev.pastelcode.Notes;
				PRODUCT_NAME = "$(TARGET_NAME)";
				SWIFT_EMIT_LOC_STRINGS = YES;
				SWIFT_VERSION = 5.0;
				TARGETED_DEVICE_FAMILY = "1,2";
			};
			name = Release;
		};
		BF0456F82B366E920098DE62 /* Debug */ = {
			isa = XCBuildConfiguration;
			buildSettings = {
				BUNDLE_LOADER = "$(TEST_HOST)";
				CODE_SIGN_STYLE = Automatic;
				CURRENT_PROJECT_VERSION = 1;
				DEVELOPMENT_TEAM = N346D2C4J7;
				GENERATE_INFOPLIST_FILE = YES;
				MARKETING_VERSION = 1.0;
				PRODUCT_BUNDLE_IDENTIFIER = dev.pastelcode.NotesTests;
				PRODUCT_NAME = "$(TARGET_NAME)";
				SWIFT_EMIT_LOC_STRINGS = NO;
				SWIFT_VERSION = 5.0;
				TARGETED_DEVICE_FAMILY = "1,2";
				TEST_HOST = "$(BUILT_PRODUCTS_DIR)/Notes.app/$(BUNDLE_EXECUTABLE_FOLDER_PATH)/Notes";
			};
			name = Debug;
		};
		BF0456F92B366E920098DE62 /* Release */ = {
			isa = XCBuildConfiguration;
			buildSettings = {
				BUNDLE_LOADER = "$(TEST_HOST)";
				CODE_SIGN_STYLE = Automatic;
				CURRENT_PROJECT_VERSION = 1;
				DEVELOPMENT_TEAM = N346D2C4J7;
				GENERATE_INFOPLIST_FILE = YES;
				MARKETING_VERSION = 1.0;
				PRODUCT_BUNDLE_IDENTIFIER = dev.pastelcode.NotesTests;
				PRODUCT_NAME = "$(TARGET_NAME)";
				SWIFT_EMIT_LOC_STRINGS = NO;
				SWIFT_VERSION = 5.0;
				TARGETED_DEVICE_FAMILY = "1,2";
				TEST_HOST = "$(BUILT_PRODUCTS_DIR)/Notes.app/$(BUNDLE_EXECUTABLE_FOLDER_PATH)/Notes";
			};
			name = Release;
		};
/* End XCBuildConfiguration section */

/* Begin XCConfigurationList section */
		BF0456C62B3546100098DE62 /* Build configuration list for PBXProject "Notes" */ = {
			isa = XCConfigurationList;
			buildConfigurations = (
				BF0456D72B3546120098DE62 /* Debug */,
				BF0456D82B3546120098DE62 /* Release */,
			);
			defaultConfigurationIsVisible = 0;
			defaultConfigurationName = Release;
		};
		BF0456D92B3546120098DE62 /* Build configuration list for PBXNativeTarget "Notes" */ = {
			isa = XCConfigurationList;
			buildConfigurations = (
				BF0456DA2B3546120098DE62 /* Debug */,
				BF0456DB2B3546120098DE62 /* Release */,
			);
			defaultConfigurationIsVisible = 0;
			defaultConfigurationName = Release;
		};
		BF0456F72B366E920098DE62 /* Build configuration list for PBXNativeTarget "NotesTests" */ = {
			isa = XCConfigurationList;
			buildConfigurations = (
				BF0456F82B366E920098DE62 /* Debug */,
				BF0456F92B366E920098DE62 /* Release */,
			);
			defaultConfigurationIsVisible = 0;
			defaultConfigurationName = Release;
		};
/* End XCConfigurationList section */

/* Begin XCRemoteSwiftPackageReference section */
		BF04570C2B3F3C750098DE62 /* XCRemoteSwiftPackageReference "SFSymbolsPickerForSwiftUI" */ = {
			isa = XCRemoteSwiftPackageReference;
			repositoryURL = "https://github.com/alessiorubicini/SFSymbolsPickerForSwiftUI";
			requirement = {
				kind = upToNextMajorVersion;
				minimumVersion = 1.0.4;
			};
		};
/* End XCRemoteSwiftPackageReference section */

/* Begin XCSwiftPackageProductDependency section */
		BF04570D2B3F3C750098DE62 /* SFSymbolsPicker */ = {
			isa = XCSwiftPackageProductDependency;
			package = BF04570C2B3F3C750098DE62 /* XCRemoteSwiftPackageReference "SFSymbolsPickerForSwiftUI" */;
			productName = SFSymbolsPicker;
		};
/* End XCSwiftPackageProductDependency section */
	};
	rootObject = BF0456C32B3546100098DE62 /* Project object */;
}
